// !$*UTF8*$!
{
	archiveVersion = 1;
	classes = {
	};
	objectVersion = 46;
	objects = {

/* Begin PBXBuildFile section */
		1F0E8BE51D81F816006AB825 /* UIColor.swift in Sources */ = {isa = PBXBuildFile; fileRef = 1F0E8BE41D81F816006AB825 /* UIColor.swift */; };
		1F0E8BEB1D81FB83006AB825 /* RobotoMono-Regular.ttf in Resources */ = {isa = PBXBuildFile; fileRef = 1F0E8BEA1D81FB83006AB825 /* RobotoMono-Regular.ttf */; };
		1F0E8BED1D820230006AB825 /* UIImage.swift in Sources */ = {isa = PBXBuildFile; fileRef = 1F0E8BEC1D820230006AB825 /* UIImage.swift */; };
		1F1234A01D74FDE300286170 /* GoogleMobileAds.framework in Frameworks */ = {isa = PBXBuildFile; fileRef = 1F12349F1D74FDE300286170 /* GoogleMobileAds.framework */; };
		1F1234A51D75171100286170 /* admob.txt in Resources */ = {isa = PBXBuildFile; fileRef = 1F1234A41D75171100286170 /* admob.txt */; };
		1F1234B61D751CC100286170 /* libGoogleAnalyticsServices.a in Frameworks */ = {isa = PBXBuildFile; fileRef = 1F1234B51D751CC100286170 /* libGoogleAnalyticsServices.a */; };
		1F1234B81D75B41A00286170 /* libsqlite3.tbd in Frameworks */ = {isa = PBXBuildFile; fileRef = 1F1234B71D75B41A00286170 /* libsqlite3.tbd */; };
		1F1234BA1D75B43500286170 /* libz.tbd in Frameworks */ = {isa = PBXBuildFile; fileRef = 1F1234B91D75B43500286170 /* libz.tbd */; };
		1F1234BC1D75B63900286170 /* googleAnalytics.txt in Resources */ = {isa = PBXBuildFile; fileRef = 1F1234BB1D75B63900286170 /* googleAnalytics.txt */; };
		1F3C15591D6F69E5003E8B7F /* Video.swift in Sources */ = {isa = PBXBuildFile; fileRef = 1F3C15581D6F69E5003E8B7F /* Video.swift */; };
		1F5A24141D77700800FD5EE3 /* VideoManager.swift in Sources */ = {isa = PBXBuildFile; fileRef = 1F5A24131D77700800FD5EE3 /* VideoManager.swift */; };
		1F65164B1D478EB8000851B2 /* AtomStructureViewController.swift in Sources */ = {isa = PBXBuildFile; fileRef = 1F65164A1D478EB8000851B2 /* AtomStructureViewController.swift */; };
		1F806BFA1D6CA29F002A1F88 /* SelectAlbumController.swift in Sources */ = {isa = PBXBuildFile; fileRef = 1F806BF91D6CA29F002A1F88 /* SelectAlbumController.swift */; };
		1F806BFC1D6CA43D002A1F88 /* SelectVideoController.swift in Sources */ = {isa = PBXBuildFile; fileRef = 1F806BFB1D6CA43D002A1F88 /* SelectVideoController.swift */; };
		1F81F5821CE16FE100544F85 /* VideoDetailsViewController.swift in Sources */ = {isa = PBXBuildFile; fileRef = 1F81F5811CE16FE100544F85 /* VideoDetailsViewController.swift */; };
		1F8BF57F1D5A745D002229BF /* Atom.mm in Sources */ = {isa = PBXBuildFile; fileRef = 1F8BF57E1D5A745D002229BF /* Atom.mm */; };
		1F8BF5CF1D5C1CFE002229BF /* AtomViewController.swift in Sources */ = {isa = PBXBuildFile; fileRef = 1F8BF5CE1D5C1CFE002229BF /* AtomViewController.swift */; };
		1F908C551D63212E00B2C552 /* AtomStructureViewCell.swift in Sources */ = {isa = PBXBuildFile; fileRef = 1F908C541D63212E00B2C552 /* AtomStructureViewCell.swift */; };
		1F9F19AF1CDD18F100DE819B /* AppDelegate.swift in Sources */ = {isa = PBXBuildFile; fileRef = 1F9F19AE1CDD18F100DE819B /* AppDelegate.swift */; };
		1F9F19B11CDD18F100DE819B /* MainViewController.swift in Sources */ = {isa = PBXBuildFile; fileRef = 1F9F19B01CDD18F100DE819B /* MainViewController.swift */; };
		1F9F19B41CDD18F100DE819B /* Main.storyboard in Resources */ = {isa = PBXBuildFile; fileRef = 1F9F19B21CDD18F100DE819B /* Main.storyboard */; };
		1F9F19B71CDD18F100DE819B /* VideoInfoViewer.xcdatamodeld in Sources */ = {isa = PBXBuildFile; fileRef = 1F9F19B51CDD18F100DE819B /* VideoInfoViewer.xcdatamodeld */; };
		1F9F19B91CDD18F100DE819B /* Assets.xcassets in Resources */ = {isa = PBXBuildFile; fileRef = 1F9F19B81CDD18F100DE819B /* Assets.xcassets */; };
		1F9F19BC1CDD18F100DE819B /* LaunchScreen.storyboard in Resources */ = {isa = PBXBuildFile; fileRef = 1F9F19BA1CDD18F100DE819B /* LaunchScreen.storyboard */; };
		1F9F19C71CDD18F100DE819B /* VideoInfoViewerTests.swift in Sources */ = {isa = PBXBuildFile; fileRef = 1F9F19C61CDD18F100DE819B /* VideoInfoViewerTests.swift */; };
		1F9F19D21CDD18F200DE819B /* VideoInfoViewerUITests.swift in Sources */ = {isa = PBXBuildFile; fileRef = 1F9F19D11CDD18F200DE819B /* VideoInfoViewerUITests.swift */; };
		1FADD1EC1D79AA3500B728A4 /* CreditsViewController.swift in Sources */ = {isa = PBXBuildFile; fileRef = 1FADD1EB1D79AA3500B728A4 /* CreditsViewController.swift */; };
		1FC98CCE1CE5392900301B9E /* MediaUtils.swift in Sources */ = {isa = PBXBuildFile; fileRef = 1FC98CCD1CE5392900301B9E /* MediaUtils.swift */; };
		1FFC73761D42B31100757F78 /* ParserBridge.mm in Sources */ = {isa = PBXBuildFile; fileRef = 1FFC73751D42B31100757F78 /* ParserBridge.mm */; };
		CEE69FDD1E495043008DF7AF /* libMP4Parse.a in Frameworks */ = {isa = PBXBuildFile; fileRef = CEE69FDC1E495043008DF7AF /* libMP4Parse.a */; };
/* End PBXBuildFile section */

/* Begin PBXContainerItemProxy section */
		1F9F19C31CDD18F100DE819B /* PBXContainerItemProxy */ = {
			isa = PBXContainerItemProxy;
			containerPortal = 1F9F19A31CDD18F100DE819B /* Project object */;
			proxyType = 1;
			remoteGlobalIDString = 1F9F19AA1CDD18F100DE819B;
			remoteInfo = VideoInfoViewer;
		};
		1F9F19CE1CDD18F200DE819B /* PBXContainerItemProxy */ = {
			isa = PBXContainerItemProxy;
			containerPortal = 1F9F19A31CDD18F100DE819B /* Project object */;
			proxyType = 1;
			remoteGlobalIDString = 1F9F19AA1CDD18F100DE819B;
			remoteInfo = VideoInfoViewer;
		};
/* End PBXContainerItemProxy section */

/* Begin PBXFileReference section */
		1F0E8BE41D81F816006AB825 /* UIColor.swift */ = {isa = PBXFileReference; fileEncoding = 4; lastKnownFileType = sourcecode.swift; name = UIColor.swift; path = Extensions/UIColor.swift; sourceTree = "<group>"; };
		1F0E8BEA1D81FB83006AB825 /* RobotoMono-Regular.ttf */ = {isa = PBXFileReference; lastKnownFileType = file; name = "RobotoMono-Regular.ttf"; path = "Resources/RobotoMono-Regular.ttf"; sourceTree = "<group>"; };
		1F0E8BEC1D820230006AB825 /* UIImage.swift */ = {isa = PBXFileReference; fileEncoding = 4; lastKnownFileType = sourcecode.swift; name = UIImage.swift; path = Extensions/UIImage.swift; sourceTree = "<group>"; };
		1F12349F1D74FDE300286170 /* GoogleMobileAds.framework */ = {isa = PBXFileReference; lastKnownFileType = wrapper.framework; name = GoogleMobileAds.framework; path = Frameworks/GoogleMobileAds.framework; sourceTree = "<group>"; };
		1F1234A41D75171100286170 /* admob.txt */ = {isa = PBXFileReference; fileEncoding = 4; lastKnownFileType = text; path = admob.txt; sourceTree = "<group>"; };
		1F1234AB1D751C8900286170 /* GAI.h */ = {isa = PBXFileReference; fileEncoding = 4; lastKnownFileType = sourcecode.c.h; name = GAI.h; path = GoogleAnalytics/GAI.h; sourceTree = "<group>"; };
		1F1234AC1D751C8900286170 /* GAIDictionaryBuilder.h */ = {isa = PBXFileReference; fileEncoding = 4; lastKnownFileType = sourcecode.c.h; name = GAIDictionaryBuilder.h; path = GoogleAnalytics/GAIDictionaryBuilder.h; sourceTree = "<group>"; };
		1F1234AD1D751C8900286170 /* GAIEcommerceFields.h */ = {isa = PBXFileReference; fileEncoding = 4; lastKnownFileType = sourcecode.c.h; name = GAIEcommerceFields.h; path = GoogleAnalytics/GAIEcommerceFields.h; sourceTree = "<group>"; };
		1F1234AE1D751C8900286170 /* GAIEcommerceProduct.h */ = {isa = PBXFileReference; fileEncoding = 4; lastKnownFileType = sourcecode.c.h; name = GAIEcommerceProduct.h; path = GoogleAnalytics/GAIEcommerceProduct.h; sourceTree = "<group>"; };
		1F1234AF1D751C8900286170 /* GAIEcommerceProductAction.h */ = {isa = PBXFileReference; fileEncoding = 4; lastKnownFileType = sourcecode.c.h; name = GAIEcommerceProductAction.h; path = GoogleAnalytics/GAIEcommerceProductAction.h; sourceTree = "<group>"; };
		1F1234B01D751C8900286170 /* GAIEcommercePromotion.h */ = {isa = PBXFileReference; fileEncoding = 4; lastKnownFileType = sourcecode.c.h; name = GAIEcommercePromotion.h; path = GoogleAnalytics/GAIEcommercePromotion.h; sourceTree = "<group>"; };
		1F1234B11D751C8900286170 /* GAIFields.h */ = {isa = PBXFileReference; fileEncoding = 4; lastKnownFileType = sourcecode.c.h; name = GAIFields.h; path = GoogleAnalytics/GAIFields.h; sourceTree = "<group>"; };
		1F1234B21D751C8900286170 /* GAILogger.h */ = {isa = PBXFileReference; fileEncoding = 4; lastKnownFileType = sourcecode.c.h; name = GAILogger.h; path = GoogleAnalytics/GAILogger.h; sourceTree = "<group>"; };
		1F1234B31D751C8900286170 /* GAITrackedViewController.h */ = {isa = PBXFileReference; fileEncoding = 4; lastKnownFileType = sourcecode.c.h; name = GAITrackedViewController.h; path = GoogleAnalytics/GAITrackedViewController.h; sourceTree = "<group>"; };
		1F1234B41D751C8900286170 /* GAITracker.h */ = {isa = PBXFileReference; fileEncoding = 4; lastKnownFileType = sourcecode.c.h; name = GAITracker.h; path = GoogleAnalytics/GAITracker.h; sourceTree = "<group>"; };
		1F1234B51D751CC100286170 /* libGoogleAnalyticsServices.a */ = {isa = PBXFileReference; lastKnownFileType = archive.ar; name = libGoogleAnalyticsServices.a; path = Libraries/libGoogleAnalyticsServices.a; sourceTree = "<group>"; };
		1F1234B71D75B41A00286170 /* libsqlite3.tbd */ = {isa = PBXFileReference; lastKnownFileType = "sourcecode.text-based-dylib-definition"; name = libsqlite3.tbd; path = usr/lib/libsqlite3.tbd; sourceTree = SDKROOT; };
		1F1234B91D75B43500286170 /* libz.tbd */ = {isa = PBXFileReference; lastKnownFileType = "sourcecode.text-based-dylib-definition"; name = libz.tbd; path = usr/lib/libz.tbd; sourceTree = SDKROOT; };
		1F1234BB1D75B63900286170 /* googleAnalytics.txt */ = {isa = PBXFileReference; fileEncoding = 4; lastKnownFileType = text; path = googleAnalytics.txt; sourceTree = "<group>"; };
		1F3C15581D6F69E5003E8B7F /* Video.swift */ = {isa = PBXFileReference; fileEncoding = 4; lastKnownFileType = sourcecode.swift; path = Video.swift; sourceTree = "<group>"; };
		1F5A24131D77700800FD5EE3 /* VideoManager.swift */ = {isa = PBXFileReference; fileEncoding = 4; lastKnownFileType = sourcecode.swift; path = VideoManager.swift; sourceTree = "<group>"; };
		1F65164A1D478EB8000851B2 /* AtomStructureViewController.swift */ = {isa = PBXFileReference; fileEncoding = 4; lastKnownFileType = sourcecode.swift; path = AtomStructureViewController.swift; sourceTree = "<group>"; };
		1F806BF91D6CA29F002A1F88 /* SelectAlbumController.swift */ = {isa = PBXFileReference; fileEncoding = 4; lastKnownFileType = sourcecode.swift; path = SelectAlbumController.swift; sourceTree = "<group>"; };
		1F806BFB1D6CA43D002A1F88 /* SelectVideoController.swift */ = {isa = PBXFileReference; fileEncoding = 4; lastKnownFileType = sourcecode.swift; path = SelectVideoController.swift; sourceTree = "<group>"; };
		1F81F5811CE16FE100544F85 /* VideoDetailsViewController.swift */ = {isa = PBXFileReference; fileEncoding = 4; lastKnownFileType = sourcecode.swift; path = VideoDetailsViewController.swift; sourceTree = "<group>"; };
		1F8BF57E1D5A745D002229BF /* Atom.mm */ = {isa = PBXFileReference; fileEncoding = 4; lastKnownFileType = sourcecode.cpp.objcpp; path = Atom.mm; sourceTree = "<group>"; };
		1F8BF5801D5A746C002229BF /* Atom.h */ = {isa = PBXFileReference; lastKnownFileType = sourcecode.c.h; path = Atom.h; sourceTree = "<group>"; };
		1F8BF5CE1D5C1CFE002229BF /* AtomViewController.swift */ = {isa = PBXFileReference; fileEncoding = 4; lastKnownFileType = sourcecode.swift; path = AtomViewController.swift; sourceTree = "<group>"; };
		1F8BF5D01D5CAB96002229BF /* AtomWrapper.h */ = {isa = PBXFileReference; lastKnownFileType = sourcecode.c.h; path = AtomWrapper.h; sourceTree = "<group>"; };
		1F908C541D63212E00B2C552 /* AtomStructureViewCell.swift */ = {isa = PBXFileReference; fileEncoding = 4; lastKnownFileType = sourcecode.swift; path = AtomStructureViewCell.swift; sourceTree = "<group>"; };
		1F9F19AB1CDD18F100DE819B /* Video Info Viewer.app */ = {isa = PBXFileReference; explicitFileType = wrapper.application; includeInIndex = 0; path = "Video Info Viewer.app"; sourceTree = BUILT_PRODUCTS_DIR; };
		1F9F19AE1CDD18F100DE819B /* AppDelegate.swift */ = {isa = PBXFileReference; lastKnownFileType = sourcecode.swift; path = AppDelegate.swift; sourceTree = "<group>"; };
		1F9F19B01CDD18F100DE819B /* MainViewController.swift */ = {isa = PBXFileReference; lastKnownFileType = sourcecode.swift; path = MainViewController.swift; sourceTree = "<group>"; };
		1F9F19B31CDD18F100DE819B /* Base */ = {isa = PBXFileReference; lastKnownFileType = file.storyboard; name = Base; path = Base.lproj/Main.storyboard; sourceTree = "<group>"; };
		1F9F19B61CDD18F100DE819B /* VideoInfoViewer.xcdatamodel */ = {isa = PBXFileReference; lastKnownFileType = wrapper.xcdatamodel; path = VideoInfoViewer.xcdatamodel; sourceTree = "<group>"; };
		1F9F19B81CDD18F100DE819B /* Assets.xcassets */ = {isa = PBXFileReference; lastKnownFileType = folder.assetcatalog; path = Assets.xcassets; sourceTree = "<group>"; };
		1F9F19BB1CDD18F100DE819B /* Base */ = {isa = PBXFileReference; lastKnownFileType = file.storyboard; name = Base; path = Base.lproj/LaunchScreen.storyboard; sourceTree = "<group>"; };
		1F9F19BD1CDD18F100DE819B /* Info.plist */ = {isa = PBXFileReference; lastKnownFileType = text.plist.xml; path = Info.plist; sourceTree = "<group>"; };
		1F9F19C21CDD18F100DE819B /* VideoInfoViewerTests.xctest */ = {isa = PBXFileReference; explicitFileType = wrapper.cfbundle; includeInIndex = 0; path = VideoInfoViewerTests.xctest; sourceTree = BUILT_PRODUCTS_DIR; };
		1F9F19C61CDD18F100DE819B /* VideoInfoViewerTests.swift */ = {isa = PBXFileReference; lastKnownFileType = sourcecode.swift; path = VideoInfoViewerTests.swift; sourceTree = "<group>"; };
		1F9F19C81CDD18F100DE819B /* Info.plist */ = {isa = PBXFileReference; lastKnownFileType = text.plist.xml; path = Info.plist; sourceTree = "<group>"; };
		1F9F19CD1CDD18F200DE819B /* VideoInfoViewerUITests.xctest */ = {isa = PBXFileReference; explicitFileType = wrapper.cfbundle; includeInIndex = 0; path = VideoInfoViewerUITests.xctest; sourceTree = BUILT_PRODUCTS_DIR; };
		1F9F19D11CDD18F200DE819B /* VideoInfoViewerUITests.swift */ = {isa = PBXFileReference; lastKnownFileType = sourcecode.swift; path = VideoInfoViewerUITests.swift; sourceTree = "<group>"; };
		1F9F19D31CDD18F200DE819B /* Info.plist */ = {isa = PBXFileReference; lastKnownFileType = text.plist.xml; path = Info.plist; sourceTree = "<group>"; };
		1FADD1EB1D79AA3500B728A4 /* CreditsViewController.swift */ = {isa = PBXFileReference; fileEncoding = 4; lastKnownFileType = sourcecode.swift; path = CreditsViewController.swift; sourceTree = "<group>"; };
		1FC98CCD1CE5392900301B9E /* MediaUtils.swift */ = {isa = PBXFileReference; fileEncoding = 4; lastKnownFileType = sourcecode.swift; path = MediaUtils.swift; sourceTree = "<group>"; };
		1FFC736F1D42B25300757F78 /* VideoInfoViewer-Bridging-Header.h */ = {isa = PBXFileReference; lastKnownFileType = sourcecode.c.h; path = "VideoInfoViewer-Bridging-Header.h"; sourceTree = "<group>"; };
		1FFC73751D42B31100757F78 /* ParserBridge.mm */ = {isa = PBXFileReference; fileEncoding = 4; lastKnownFileType = sourcecode.cpp.objcpp; path = ParserBridge.mm; sourceTree = "<group>"; };
		1FFC73771D42B36900757F78 /* ParserBridge.h */ = {isa = PBXFileReference; lastKnownFileType = sourcecode.c.h; path = ParserBridge.h; sourceTree = "<group>"; };
		CEE69FDC1E495043008DF7AF /* libMP4Parse.a */ = {isa = PBXFileReference; lastKnownFileType = archive.ar; name = libMP4Parse.a; path = "Libraries/MP4Parse/build/Debug-iphoneos/libMP4Parse.a"; sourceTree = "<group>"; };
/* End PBXFileReference section */

/* Begin PBXFrameworksBuildPhase section */
		1F9F19A81CDD18F100DE819B /* Frameworks */ = {
			isa = PBXFrameworksBuildPhase;
			buildActionMask = 2147483647;
			files = (
				CEE69FDD1E495043008DF7AF /* libMP4Parse.a in Frameworks */,
				1F1234BA1D75B43500286170 /* libz.tbd in Frameworks */,
				1F1234B81D75B41A00286170 /* libsqlite3.tbd in Frameworks */,
				1F1234A01D74FDE300286170 /* GoogleMobileAds.framework in Frameworks */,
				1F1234B61D751CC100286170 /* libGoogleAnalyticsServices.a in Frameworks */,
			);
			runOnlyForDeploymentPostprocessing = 0;
		};
		1F9F19BF1CDD18F100DE819B /* Frameworks */ = {
			isa = PBXFrameworksBuildPhase;
			buildActionMask = 2147483647;
			files = (
			);
			runOnlyForDeploymentPostprocessing = 0;
		};
		1F9F19CA1CDD18F200DE819B /* Frameworks */ = {
			isa = PBXFrameworksBuildPhase;
			buildActionMask = 2147483647;
			files = (
			);
			runOnlyForDeploymentPostprocessing = 0;
		};
/* End PBXFrameworksBuildPhase section */

/* Begin PBXGroup section */
		1F0E8BE31D81F7E9006AB825 /* Extensions */ = {
			isa = PBXGroup;
			children = (
				1F0E8BE41D81F816006AB825 /* UIColor.swift */,
				1F0E8BEC1D820230006AB825 /* UIImage.swift */,
			);
			name = Extensions;
			sourceTree = "<group>";
		};
		1F0E8BE91D81FB6C006AB825 /* Resources */ = {
			isa = PBXGroup;
			children = (
				1F0E8BEA1D81FB83006AB825 /* RobotoMono-Regular.ttf */,
			);
			name = Resources;
			sourceTree = "<group>";
		};
		1F1234A11D74FDEB00286170 /* Frameworks */ = {
			isa = PBXGroup;
			children = (
				CEE69FDC1E495043008DF7AF /* libMP4Parse.a */,
				1F1234B91D75B43500286170 /* libz.tbd */,
				1F1234B71D75B41A00286170 /* libsqlite3.tbd */,
				1F12349F1D74FDE300286170 /* GoogleMobileAds.framework */,
			);
			name = Frameworks;
			sourceTree = "<group>";
		};
		1F1234AA1D751C7E00286170 /* GoogleAnalytics */ = {
			isa = PBXGroup;
			children = (
				1F1234AB1D751C8900286170 /* GAI.h */,
				1F1234AC1D751C8900286170 /* GAIDictionaryBuilder.h */,
				1F1234AD1D751C8900286170 /* GAIEcommerceFields.h */,
				1F1234AE1D751C8900286170 /* GAIEcommerceProduct.h */,
				1F1234AF1D751C8900286170 /* GAIEcommerceProductAction.h */,
				1F1234B01D751C8900286170 /* GAIEcommercePromotion.h */,
				1F1234B11D751C8900286170 /* GAIFields.h */,
				1F1234B21D751C8900286170 /* GAILogger.h */,
				1F1234B31D751C8900286170 /* GAITrackedViewController.h */,
				1F1234B41D751C8900286170 /* GAITracker.h */,
			);
			name = GoogleAnalytics;
			sourceTree = "<group>";
		};
		1F45A4A51D720EE400A2740A /* AtomView */ = {
			isa = PBXGroup;
			children = (
				1F8BF5CE1D5C1CFE002229BF /* AtomViewController.swift */,
				1F65164A1D478EB8000851B2 /* AtomStructureViewController.swift */,
				1F908C541D63212E00B2C552 /* AtomStructureViewCell.swift */,
			);
			name = AtomView;
			sourceTree = "<group>";
		};
		1F45A4A61D720F0000A2740A /* VideoSelection */ = {
			isa = PBXGroup;
			children = (
				1F806BF91D6CA29F002A1F88 /* SelectAlbumController.swift */,
				1F806BFB1D6CA43D002A1F88 /* SelectVideoController.swift */,
			);
			name = VideoSelection;
			sourceTree = "<group>";
		};
		1F45A4A71D720F1000A2740A /* Data */ = {
			isa = PBXGroup;
			children = (
				1F8BF57E1D5A745D002229BF /* Atom.mm */,
				1F8BF5801D5A746C002229BF /* Atom.h */,
				1F8BF5D01D5CAB96002229BF /* AtomWrapper.h */,
				1FFC73751D42B31100757F78 /* ParserBridge.mm */,
				1FFC73771D42B36900757F78 /* ParserBridge.h */,
				1F3C15581D6F69E5003E8B7F /* Video.swift */,
				1F5A24131D77700800FD5EE3 /* VideoManager.swift */,
			);
			name = Data;
			sourceTree = "<group>";
		};
		1F6E3C281D45208C0008CDD5 /* Libraries */ = {
			isa = PBXGroup;
			children = (
				1F1234B51D751CC100286170 /* libGoogleAnalyticsServices.a */,
			);
			name = Libraries;
			sourceTree = "<group>";
		};
		1F9F19A21CDD18F100DE819B = {
			isa = PBXGroup;
			children = (
				1F9F19AD1CDD18F100DE819B /* VideoInfoViewer */,
				1F9F19C51CDD18F100DE819B /* VideoInfoViewerTests */,
				1F9F19D01CDD18F200DE819B /* VideoInfoViewerUITests */,
				1F9F19AC1CDD18F100DE819B /* Products */,
				1F6E3C281D45208C0008CDD5 /* Libraries */,
				1F1234A11D74FDEB00286170 /* Frameworks */,
			);
			sourceTree = "<group>";
		};
		1F9F19AC1CDD18F100DE819B /* Products */ = {
			isa = PBXGroup;
			children = (
				1F9F19AB1CDD18F100DE819B /* Video Info Viewer.app */,
				1F9F19C21CDD18F100DE819B /* VideoInfoViewerTests.xctest */,
				1F9F19CD1CDD18F200DE819B /* VideoInfoViewerUITests.xctest */,
			);
			name = Products;
			sourceTree = "<group>";
		};
		1F9F19AD1CDD18F100DE819B /* VideoInfoViewer */ = {
			isa = PBXGroup;
			children = (
				1F1234AA1D751C7E00286170 /* GoogleAnalytics */,
				1F45A4A71D720F1000A2740A /* Data */,
				1F45A4A61D720F0000A2740A /* VideoSelection */,
				1F45A4A51D720EE400A2740A /* AtomView */,
				1F0E8BE31D81F7E9006AB825 /* Extensions */,
				1F0E8BE91D81FB6C006AB825 /* Resources */,
				1F9F19AE1CDD18F100DE819B /* AppDelegate.swift */,
				1F9F19B01CDD18F100DE819B /* MainViewController.swift */,
				1F81F5811CE16FE100544F85 /* VideoDetailsViewController.swift */,
				1FADD1EB1D79AA3500B728A4 /* CreditsViewController.swift */,
				1F9F19B21CDD18F100DE819B /* Main.storyboard */,
				1F9F19BA1CDD18F100DE819B /* LaunchScreen.storyboard */,
				1FC98CCD1CE5392900301B9E /* MediaUtils.swift */,
				1FFC736F1D42B25300757F78 /* VideoInfoViewer-Bridging-Header.h */,
				1F9F19B81CDD18F100DE819B /* Assets.xcassets */,
				1F9F19B51CDD18F100DE819B /* VideoInfoViewer.xcdatamodeld */,
				1F9F19BD1CDD18F100DE819B /* Info.plist */,
				1F1234A41D75171100286170 /* admob.txt */,
				1F1234BB1D75B63900286170 /* googleAnalytics.txt */,
			);
			path = VideoInfoViewer;
			sourceTree = "<group>";
		};
		1F9F19C51CDD18F100DE819B /* VideoInfoViewerTests */ = {
			isa = PBXGroup;
			children = (
				1F9F19C61CDD18F100DE819B /* VideoInfoViewerTests.swift */,
				1F9F19C81CDD18F100DE819B /* Info.plist */,
			);
			path = VideoInfoViewerTests;
			sourceTree = "<group>";
		};
		1F9F19D01CDD18F200DE819B /* VideoInfoViewerUITests */ = {
			isa = PBXGroup;
			children = (
				1F9F19D11CDD18F200DE819B /* VideoInfoViewerUITests.swift */,
				1F9F19D31CDD18F200DE819B /* Info.plist */,
			);
			path = VideoInfoViewerUITests;
			sourceTree = "<group>";
		};
/* End PBXGroup section */

/* Begin PBXNativeTarget section */
		1F9F19AA1CDD18F100DE819B /* VideoInfoViewer */ = {
			isa = PBXNativeTarget;
			buildConfigurationList = 1F9F19D61CDD18F200DE819B /* Build configuration list for PBXNativeTarget "VideoInfoViewer" */;
			buildPhases = (
				1F9F19A71CDD18F100DE819B /* Sources */,
				1F9F19A81CDD18F100DE819B /* Frameworks */,
				1F9F19A91CDD18F100DE819B /* Resources */,
			);
			buildRules = (
			);
			dependencies = (
			);
			name = VideoInfoViewer;
			productName = VideoInfoViewer;
			productReference = 1F9F19AB1CDD18F100DE819B /* Video Info Viewer.app */;
			productType = "com.apple.product-type.application";
		};
		1F9F19C11CDD18F100DE819B /* VideoInfoViewerTests */ = {
			isa = PBXNativeTarget;
			buildConfigurationList = 1F9F19D91CDD18F200DE819B /* Build configuration list for PBXNativeTarget "VideoInfoViewerTests" */;
			buildPhases = (
				1F9F19BE1CDD18F100DE819B /* Sources */,
				1F9F19BF1CDD18F100DE819B /* Frameworks */,
				1F9F19C01CDD18F100DE819B /* Resources */,
			);
			buildRules = (
			);
			dependencies = (
				1F9F19C41CDD18F100DE819B /* PBXTargetDependency */,
			);
			name = VideoInfoViewerTests;
			productName = VideoInfoViewerTests;
			productReference = 1F9F19C21CDD18F100DE819B /* VideoInfoViewerTests.xctest */;
			productType = "com.apple.product-type.bundle.unit-test";
		};
		1F9F19CC1CDD18F200DE819B /* VideoInfoViewerUITests */ = {
			isa = PBXNativeTarget;
			buildConfigurationList = 1F9F19DC1CDD18F200DE819B /* Build configuration list for PBXNativeTarget "VideoInfoViewerUITests" */;
			buildPhases = (
				1F9F19C91CDD18F200DE819B /* Sources */,
				1F9F19CA1CDD18F200DE819B /* Frameworks */,
				1F9F19CB1CDD18F200DE819B /* Resources */,
			);
			buildRules = (
			);
			dependencies = (
				1F9F19CF1CDD18F200DE819B /* PBXTargetDependency */,
			);
			name = VideoInfoViewerUITests;
			productName = VideoInfoViewerUITests;
			productReference = 1F9F19CD1CDD18F200DE819B /* VideoInfoViewerUITests.xctest */;
			productType = "com.apple.product-type.bundle.ui-testing";
		};
/* End PBXNativeTarget section */

/* Begin PBXProject section */
		1F9F19A31CDD18F100DE819B /* Project object */ = {
			isa = PBXProject;
			attributes = {
				LastSwiftUpdateCheck = 0730;
				LastUpgradeCheck = 1010;
				ORGANIZATIONNAME = RoryHool;
				TargetAttributes = {
					1F9F19AA1CDD18F100DE819B = {
						CreatedOnToolsVersion = 7.3;
						LastSwiftMigration = 0820;
						ProvisioningStyle = Manual;
						SystemCapabilities = {
							com.apple.BackgroundModes = {
								enabled = 1;
							};
						};
					};
					1F9F19C11CDD18F100DE819B = {
						CreatedOnToolsVersion = 7.3;
						DevelopmentTeam = Y762L3586T;
						LastSwiftMigration = 0820;
						TestTargetID = 1F9F19AA1CDD18F100DE819B;
					};
					1F9F19CC1CDD18F200DE819B = {
						CreatedOnToolsVersion = 7.3;
						DevelopmentTeam = Y762L3586T;
						LastSwiftMigration = 0820;
						TestTargetID = 1F9F19AA1CDD18F100DE819B;
					};
				};
			};
			buildConfigurationList = 1F9F19A61CDD18F100DE819B /* Build configuration list for PBXProject "VideoInfoViewer" */;
			compatibilityVersion = "Xcode 3.2";
			developmentRegion = English;
			hasScannedForEncodings = 0;
			knownRegions = (
				en,
				Base,
			);
			mainGroup = 1F9F19A21CDD18F100DE819B;
			productRefGroup = 1F9F19AC1CDD18F100DE819B /* Products */;
			projectDirPath = "";
			projectRoot = "";
			targets = (
				1F9F19AA1CDD18F100DE819B /* VideoInfoViewer */,
				1F9F19C11CDD18F100DE819B /* VideoInfoViewerTests */,
				1F9F19CC1CDD18F200DE819B /* VideoInfoViewerUITests */,
			);
		};
/* End PBXProject section */

/* Begin PBXResourcesBuildPhase section */
		1F9F19A91CDD18F100DE819B /* Resources */ = {
			isa = PBXResourcesBuildPhase;
			buildActionMask = 2147483647;
			files = (
				1F9F19BC1CDD18F100DE819B /* LaunchScreen.storyboard in Resources */,
				1F9F19B91CDD18F100DE819B /* Assets.xcassets in Resources */,
				1F1234BC1D75B63900286170 /* googleAnalytics.txt in Resources */,
				1F1234A51D75171100286170 /* admob.txt in Resources */,
				1F9F19B41CDD18F100DE819B /* Main.storyboard in Resources */,
				1F0E8BEB1D81FB83006AB825 /* RobotoMono-Regular.ttf in Resources */,
			);
			runOnlyForDeploymentPostprocessing = 0;
		};
		1F9F19C01CDD18F100DE819B /* Resources */ = {
			isa = PBXResourcesBuildPhase;
			buildActionMask = 2147483647;
			files = (
			);
			runOnlyForDeploymentPostprocessing = 0;
		};
		1F9F19CB1CDD18F200DE819B /* Resources */ = {
			isa = PBXResourcesBuildPhase;
			buildActionMask = 2147483647;
			files = (
			);
			runOnlyForDeploymentPostprocessing = 0;
		};
/* End PBXResourcesBuildPhase section */

/* Begin PBXSourcesBuildPhase section */
		1F9F19A71CDD18F100DE819B /* Sources */ = {
			isa = PBXSourcesBuildPhase;
			buildActionMask = 2147483647;
			files = (
				1FC98CCE1CE5392900301B9E /* MediaUtils.swift in Sources */,
				1FFC73761D42B31100757F78 /* ParserBridge.mm in Sources */,
				1F9F19B11CDD18F100DE819B /* MainViewController.swift in Sources */,
				1F5A24141D77700800FD5EE3 /* VideoManager.swift in Sources */,
				1FADD1EC1D79AA3500B728A4 /* CreditsViewController.swift in Sources */,
				1F0E8BE51D81F816006AB825 /* UIColor.swift in Sources */,
				1F0E8BED1D820230006AB825 /* UIImage.swift in Sources */,
				1F806BFA1D6CA29F002A1F88 /* SelectAlbumController.swift in Sources */,
				1F9F19B71CDD18F100DE819B /* VideoInfoViewer.xcdatamodeld in Sources */,
				1F3C15591D6F69E5003E8B7F /* Video.swift in Sources */,
				1F8BF57F1D5A745D002229BF /* Atom.mm in Sources */,
				1F81F5821CE16FE100544F85 /* VideoDetailsViewController.swift in Sources */,
				1F9F19AF1CDD18F100DE819B /* AppDelegate.swift in Sources */,
				1F8BF5CF1D5C1CFE002229BF /* AtomViewController.swift in Sources */,
				1F806BFC1D6CA43D002A1F88 /* SelectVideoController.swift in Sources */,
				1F908C551D63212E00B2C552 /* AtomStructureViewCell.swift in Sources */,
				1F65164B1D478EB8000851B2 /* AtomStructureViewController.swift in Sources */,
			);
			runOnlyForDeploymentPostprocessing = 0;
		};
		1F9F19BE1CDD18F100DE819B /* Sources */ = {
			isa = PBXSourcesBuildPhase;
			buildActionMask = 2147483647;
			files = (
				1F9F19C71CDD18F100DE819B /* VideoInfoViewerTests.swift in Sources */,
			);
			runOnlyForDeploymentPostprocessing = 0;
		};
		1F9F19C91CDD18F200DE819B /* Sources */ = {
			isa = PBXSourcesBuildPhase;
			buildActionMask = 2147483647;
			files = (
				1F9F19D21CDD18F200DE819B /* VideoInfoViewerUITests.swift in Sources */,
			);
			runOnlyForDeploymentPostprocessing = 0;
		};
/* End PBXSourcesBuildPhase section */

/* Begin PBXTargetDependency section */
		1F9F19C41CDD18F100DE819B /* PBXTargetDependency */ = {
			isa = PBXTargetDependency;
			target = 1F9F19AA1CDD18F100DE819B /* VideoInfoViewer */;
			targetProxy = 1F9F19C31CDD18F100DE819B /* PBXContainerItemProxy */;
		};
		1F9F19CF1CDD18F200DE819B /* PBXTargetDependency */ = {
			isa = PBXTargetDependency;
			target = 1F9F19AA1CDD18F100DE819B /* VideoInfoViewer */;
			targetProxy = 1F9F19CE1CDD18F200DE819B /* PBXContainerItemProxy */;
		};
/* End PBXTargetDependency section */

/* Begin PBXVariantGroup section */
		1F9F19B21CDD18F100DE819B /* Main.storyboard */ = {
			isa = PBXVariantGroup;
			children = (
				1F9F19B31CDD18F100DE819B /* Base */,
			);
			name = Main.storyboard;
			sourceTree = "<group>";
		};
		1F9F19BA1CDD18F100DE819B /* LaunchScreen.storyboard */ = {
			isa = PBXVariantGroup;
			children = (
				1F9F19BB1CDD18F100DE819B /* Base */,
			);
			name = LaunchScreen.storyboard;
			sourceTree = "<group>";
		};
/* End PBXVariantGroup section */

/* Begin XCBuildConfiguration section */
		1F9F19D41CDD18F200DE819B /* Debug */ = {
			isa = XCBuildConfiguration;
			buildSettings = {
				ALWAYS_SEARCH_USER_PATHS = NO;
				CLANG_ANALYZER_NONNULL = YES;
				CLANG_CXX_LANGUAGE_STANDARD = "gnu++0x";
				CLANG_CXX_LIBRARY = "libc++";
				CLANG_ENABLE_MODULES = YES;
				CLANG_ENABLE_OBJC_ARC = YES;
				CLANG_WARN_BLOCK_CAPTURE_AUTORELEASING = YES;
				CLANG_WARN_BOOL_CONVERSION = YES;
				CLANG_WARN_COMMA = YES;
				CLANG_WARN_CONSTANT_CONVERSION = YES;
				CLANG_WARN_DEPRECATED_OBJC_IMPLEMENTATIONS = YES;
				CLANG_WARN_DIRECT_OBJC_ISA_USAGE = YES_ERROR;
				CLANG_WARN_EMPTY_BODY = YES;
				CLANG_WARN_ENUM_CONVERSION = YES;
				CLANG_WARN_INFINITE_RECURSION = YES;
				CLANG_WARN_INT_CONVERSION = YES;
				CLANG_WARN_NON_LITERAL_NULL_CONVERSION = YES;
				CLANG_WARN_OBJC_IMPLICIT_RETAIN_SELF = YES;
				CLANG_WARN_OBJC_LITERAL_CONVERSION = YES;
				CLANG_WARN_OBJC_ROOT_CLASS = YES_ERROR;
				CLANG_WARN_RANGE_LOOP_ANALYSIS = YES;
				CLANG_WARN_STRICT_PROTOTYPES = YES;
				CLANG_WARN_SUSPICIOUS_MOVE = YES;
				CLANG_WARN_UNREACHABLE_CODE = YES;
				CLANG_WARN__DUPLICATE_METHOD_MATCH = YES;
				"CODE_SIGN_IDENTITY[sdk=iphoneos*]" = "iPhone Developer";
				COPY_PHASE_STRIP = NO;
				DEBUG_INFORMATION_FORMAT = dwarf;
				ENABLE_STRICT_OBJC_MSGSEND = YES;
				ENABLE_TESTABILITY = YES;
				GCC_C_LANGUAGE_STANDARD = gnu99;
				GCC_DYNAMIC_NO_PIC = NO;
				GCC_NO_COMMON_BLOCKS = YES;
				GCC_OPTIMIZATION_LEVEL = 0;
				GCC_PREPROCESSOR_DEFINITIONS = (
					"DEBUG=1",
					"$(inherited)",
				);
				GCC_WARN_64_TO_32_BIT_CONVERSION = YES;
				GCC_WARN_ABOUT_RETURN_TYPE = YES_ERROR;
				GCC_WARN_UNDECLARED_SELECTOR = YES;
				GCC_WARN_UNINITIALIZED_AUTOS = YES_AGGRESSIVE;
				GCC_WARN_UNUSED_FUNCTION = YES;
				GCC_WARN_UNUSED_VARIABLE = YES;
				IPHONEOS_DEPLOYMENT_TARGET = 9.3;
				MTL_ENABLE_DEBUG_INFO = YES;
				ONLY_ACTIVE_ARCH = YES;
				SDKROOT = iphoneos;
				SWIFT_OPTIMIZATION_LEVEL = "-Onone";
				SWIFT_VERSION = 4.2;
				TARGETED_DEVICE_FAMILY = "1,2";
			};
			name = Debug;
		};
		1F9F19D51CDD18F200DE819B /* Release */ = {
			isa = XCBuildConfiguration;
			buildSettings = {
				ALWAYS_SEARCH_USER_PATHS = NO;
				CLANG_ANALYZER_NONNULL = YES;
				CLANG_CXX_LANGUAGE_STANDARD = "gnu++0x";
				CLANG_CXX_LIBRARY = "libc++";
				CLANG_ENABLE_MODULES = YES;
				CLANG_ENABLE_OBJC_ARC = YES;
				CLANG_WARN_BLOCK_CAPTURE_AUTORELEASING = YES;
				CLANG_WARN_BOOL_CONVERSION = YES;
				CLANG_WARN_COMMA = YES;
				CLANG_WARN_CONSTANT_CONVERSION = YES;
				CLANG_WARN_DEPRECATED_OBJC_IMPLEMENTATIONS = YES;
				CLANG_WARN_DIRECT_OBJC_ISA_USAGE = YES_ERROR;
				CLANG_WARN_EMPTY_BODY = YES;
				CLANG_WARN_ENUM_CONVERSION = YES;
				CLANG_WARN_INFINITE_RECURSION = YES;
				CLANG_WARN_INT_CONVERSION = YES;
				CLANG_WARN_NON_LITERAL_NULL_CONVERSION = YES;
				CLANG_WARN_OBJC_IMPLICIT_RETAIN_SELF = YES;
				CLANG_WARN_OBJC_LITERAL_CONVERSION = YES;
				CLANG_WARN_OBJC_ROOT_CLASS = YES_ERROR;
				CLANG_WARN_RANGE_LOOP_ANALYSIS = YES;
				CLANG_WARN_STRICT_PROTOTYPES = YES;
				CLANG_WARN_SUSPICIOUS_MOVE = YES;
				CLANG_WARN_UNREACHABLE_CODE = YES;
				CLANG_WARN__DUPLICATE_METHOD_MATCH = YES;
				"CODE_SIGN_IDENTITY[sdk=iphoneos*]" = "iPhone Developer";
				COPY_PHASE_STRIP = NO;
				DEBUG_INFORMATION_FORMAT = "dwarf-with-dsym";
				ENABLE_NS_ASSERTIONS = NO;
				ENABLE_STRICT_OBJC_MSGSEND = YES;
				GCC_C_LANGUAGE_STANDARD = gnu99;
				GCC_NO_COMMON_BLOCKS = YES;
				GCC_WARN_64_TO_32_BIT_CONVERSION = YES;
				GCC_WARN_ABOUT_RETURN_TYPE = YES_ERROR;
				GCC_WARN_UNDECLARED_SELECTOR = YES;
				GCC_WARN_UNINITIALIZED_AUTOS = YES_AGGRESSIVE;
				GCC_WARN_UNUSED_FUNCTION = YES;
				GCC_WARN_UNUSED_VARIABLE = YES;
				IPHONEOS_DEPLOYMENT_TARGET = 9.3;
				MTL_ENABLE_DEBUG_INFO = NO;
				SDKROOT = iphoneos;
				SWIFT_OPTIMIZATION_LEVEL = "-Owholemodule";
				SWIFT_VERSION = 4.2;
				TARGETED_DEVICE_FAMILY = "1,2";
				VALIDATE_PRODUCT = YES;
			};
			name = Release;
		};
		1F9F19D71CDD18F200DE819B /* Debug */ = {
			isa = XCBuildConfiguration;
			buildSettings = {
				ASSETCATALOG_COMPILER_APPICON_NAME = AppIcon;
				CLANG_ENABLE_MODULES = YES;
				CODE_SIGN_IDENTITY = "iPhone Developer";
				"CODE_SIGN_IDENTITY[sdk=iphoneos*]" = "iPhone Developer";
				DEVELOPMENT_TEAM = "";
				FRAMEWORK_SEARCH_PATHS = (
					"$(inherited)",
					"$(PROJECT_DIR)/Frameworks",
				);
				HEADER_SEARCH_PATHS = (
					"$(SRCROOT)/Libraries/MP4Parse/source/include",
					"$(SRCROOT)/Frameworks/",
				);
				INFOPLIST_FILE = VideoInfoViewer/Info.plist;
				IPHONEOS_DEPLOYMENT_TARGET = 9.3;
				LD_RUNPATH_SEARCH_PATHS = "$(inherited) @executable_path/Frameworks";
				LIBRARY_SEARCH_PATHS = (
					"$(inherited)",
					"$(PROJECT_DIR)/Libraries",
				);
				PRODUCT_BUNDLE_IDENTIFIER = com.rory.p.hool.VideoInfoViewer;
				PRODUCT_NAME = "Video Info Viewer";
				PROVISIONING_PROFILE = "";
				SWIFT_OBJC_BRIDGING_HEADER = "VideoInfoViewer/VideoInfoViewer-Bridging-Header.h";
				SWIFT_OPTIMIZATION_LEVEL = "-Onone";
			};
			name = Debug;
		};
		1F9F19D81CDD18F200DE819B /* Release */ = {
			isa = XCBuildConfiguration;
			buildSettings = {
				ASSETCATALOG_COMPILER_APPICON_NAME = AppIcon;
				CLANG_ENABLE_MODULES = YES;
				CODE_SIGN_IDENTITY = "iPhone Developer";
				"CODE_SIGN_IDENTITY[sdk=iphoneos*]" = "iPhone Developer";
				DEVELOPMENT_TEAM = "";
				FRAMEWORK_SEARCH_PATHS = (
					"$(inherited)",
					"$(PROJECT_DIR)/Frameworks",
				);
				HEADER_SEARCH_PATHS = (
					"$(SRCROOT)/Libraries/MP4Parse/source/include",
					"$(SRCROOT)/Frameworks/",
				);
				INFOPLIST_FILE = VideoInfoViewer/Info.plist;
				IPHONEOS_DEPLOYMENT_TARGET = 9.3;
				LD_RUNPATH_SEARCH_PATHS = "$(inherited) @executable_path/Frameworks";
				LIBRARY_SEARCH_PATHS = (
					"$(inherited)",
					"$(PROJECT_DIR)/Libraries",
				);
				PRODUCT_BUNDLE_IDENTIFIER = com.rory.p.hool.VideoInfoViewer;
				PRODUCT_NAME = "Video Info Viewer";
				PROVISIONING_PROFILE = "";
				SWIFT_OBJC_BRIDGING_HEADER = "VideoInfoViewer/VideoInfoViewer-Bridging-Header.h";
			};
			name = Release;
		};
		1F9F19DA1CDD18F200DE819B /* Debug */ = {
			isa = XCBuildConfiguration;
			buildSettings = {
				BUNDLE_LOADER = "$(TEST_HOST)";
				DEVELOPMENT_TEAM = Y762L3586T;
				INFOPLIST_FILE = VideoInfoViewerTests/Info.plist;
				LD_RUNPATH_SEARCH_PATHS = "$(inherited) @executable_path/Frameworks @loader_path/Frameworks";
				PRODUCT_BUNDLE_IDENTIFIER = com.roryhool.VideoInfoViewerTests;
				PRODUCT_NAME = "$(TARGET_NAME)";
				TEST_HOST = "$(BUILT_PRODUCTS_DIR)/Video Info Viewer.app/Video Info Viewer";
			};
			name = Debug;
		};
		1F9F19DB1CDD18F200DE819B /* Release */ = {
			isa = XCBuildConfiguration;
			buildSettings = {
				BUNDLE_LOADER = "$(TEST_HOST)";
				DEVELOPMENT_TEAM = Y762L3586T;
				INFOPLIST_FILE = VideoInfoViewerTests/Info.plist;
				LD_RUNPATH_SEARCH_PATHS = "$(inherited) @executable_path/Frameworks @loader_path/Frameworks";
				PRODUCT_BUNDLE_IDENTIFIER = com.roryhool.VideoInfoViewerTests;
				PRODUCT_NAME = "$(TARGET_NAME)";
				TEST_HOST = "$(BUILT_PRODUCTS_DIR)/Video Info Viewer.app/Video Info Viewer";
			};
			name = Release;
		};
		1F9F19DD1CDD18F200DE819B /* Debug */ = {
			isa = XCBuildConfiguration;
			buildSettings = {
				DEVELOPMENT_TEAM = Y762L3586T;
				INFOPLIST_FILE = VideoInfoViewerUITests/Info.plist;
				LD_RUNPATH_SEARCH_PATHS = "$(inherited) @executable_path/Frameworks @loader_path/Frameworks";
				PRODUCT_BUNDLE_IDENTIFIER = com.roryhool.VideoInfoViewerUITests;
				PRODUCT_NAME = "$(TARGET_NAME)";
				TEST_TARGET_NAME = VideoInfoViewer;
			};
			name = Debug;
		};
		1F9F19DE1CDD18F200DE819B /* Release */ = {
			isa = XCBuildConfiguration;
			buildSettings = {
				DEVELOPMENT_TEAM = Y762L3586T;
				INFOPLIST_FILE = VideoInfoViewerUITests/Info.plist;
				LD_RUNPATH_SEARCH_PATHS = "$(inherited) @executable_path/Frameworks @loader_path/Frameworks";
				PRODUCT_BUNDLE_IDENTIFIER = com.roryhool.VideoInfoViewerUITests;
				PRODUCT_NAME = "$(TARGET_NAME)";
				TEST_TARGET_NAME = VideoInfoViewer;
			};
			name = Release;
		};
/* End XCBuildConfiguration section */

/* Begin XCConfigurationList section */
		1F9F19A61CDD18F100DE819B /* Build configuration list for PBXProject "VideoInfoViewer" */ = {
			isa = XCConfigurationList;
			buildConfigurations = (
				1F9F19D41CDD18F200DE819B /* Debug */,
				1F9F19D51CDD18F200DE819B /* Release */,
			);
			defaultConfigurationIsVisible = 0;
			defaultConfigurationName = Release;
		};
		1F9F19D61CDD18F200DE819B /* Build configuration list for PBXNativeTarget "VideoInfoViewer" */ = {
			isa = XCConfigurationList;
			buildConfigurations = (
				1F9F19D71CDD18F200DE819B /* Debug */,
				1F9F19D81CDD18F200DE819B /* Release */,
			);
			defaultConfigurationIsVisible = 0;
			defaultConfigurationName = Release;
		};
		1F9F19D91CDD18F200DE819B /* Build configuration list for PBXNativeTarget "VideoInfoViewerTests" */ = {
			isa = XCConfigurationList;
			buildConfigurations = (
				1F9F19DA1CDD18F200DE819B /* Debug */,
				1F9F19DB1CDD18F200DE819B /* Release */,
			);
			defaultConfigurationIsVisible = 0;
			defaultConfigurationName = Release;
		};
		1F9F19DC1CDD18F200DE819B /* Build configuration list for PBXNativeTarget "VideoInfoViewerUITests" */ = {
			isa = XCConfigurationList;
			buildConfigurations = (
				1F9F19DD1CDD18F200DE819B /* Debug */,
				1F9F19DE1CDD18F200DE819B /* Release */,
			);
			defaultConfigurationIsVisible = 0;
			defaultConfigurationName = Release;
		};
/* End XCConfigurationList section */

/* Begin XCVersionGroup section */
		1F9F19B51CDD18F100DE819B /* VideoInfoViewer.xcdatamodeld */ = {
			isa = XCVersionGroup;
			children = (
				1F9F19B61CDD18F100DE819B /* VideoInfoViewer.xcdatamodel */,
			);
			currentVersion = 1F9F19B61CDD18F100DE819B /* VideoInfoViewer.xcdatamodel */;
			path = VideoInfoViewer.xcdatamodeld;
			sourceTree = "<group>";
			versionGroupType = wrapper.xcdatamodel;
		};
/* End XCVersionGroup section */
	};
	rootObject = 1F9F19A31CDD18F100DE819B /* Project object */;
}
